# This file is autogenerated, do not edit; changes may be undone by the next 'dep ensure'.


[[projects]]
  name = "github.com/sergi/go-diff"
  packages = ["diffmatchpatch"]
  revision = "1744e2970ca51c86172c8190fadad617561ed6e7"
  version = "v1.0.0"

[solve-meta]
  analyzer-name = "dep"
  analyzer-version = 1
  inputs-digest = "322e02d1abfdd0c9d9b60ceb9858aba962bb92b8aacec3011ab8701a2aa3f59a"
  solver-name = "gps-cdcl"
  solver-version = 1
